lockfileVersion: '9.0'

settings:
  autoInstallPeers: true
  excludeLinksFromLockfile: false

overrides:
  globalthis: npm:@nolyfill/globalthis@^1
  hasown: npm:@nolyfill/hasown@^1
  is-core-module: npm:@nolyfill/is-core-module@^1
  safe-buffer: npm:@nolyfill/safe-buffer@^1
  safer-buffer: npm:@nolyfill/safer-buffer@^1

importers:

  .:
    dependencies:
      pm2:
        specifier: ^5.4.3
        version: 5.4.3
    devDependencies:
      concurrently:
        specifier: ^9.1.0
        version: 9.1.0
      shx:
        specifier: ^0.3.4
        version: 0.3.4
      snyk:
        specifier: ^1.1294.2
        version: 1.1294.2

packages:

  '@nolyfill/globalthis@1.0.28':
    resolution: {integrity: sha512-5NYxV7CA0XCJ9wNmb2H1xIdxAi4e7U2kFjx/KJnuK1zm6zEajWkm/Z52nxTx4sH5+ji1hzCKPfgO1oD+EIQmOA==}
    engines: {node: '>=12.4.0'}

  '@nolyfill/is-core-module@1.0.39':
    resolution: {integrity: sha512-nn5ozdjYQpUCZlWGuxcJY/KpxkWQs4DcbMCmKojjyrYDEAGy4Ce19NN4v5MduafTwJlbKc99UA8YhSVqq9yPZA==}
    engines: {node: '>=12.4.0'}

  '@nolyfill/safe-buffer@1.0.41':
    resolution: {integrity: sha512-QUutoN6a0Rf49n6kYVSppQpfraXfrtrUaxTU/GhcxIhz+3GHp+SrBVnTKE3ASB7AzgZJ7XrxhaBgwrF+hSmeKg==}
    engines: {node: '>=12.4.0'}

  '@nolyfill/safer-buffer@1.0.41':
    resolution: {integrity: sha512-RieuhcNjFpL2NObzKlsNGM5rCan1y2PH3KUUJ01Yhxqj4gTB20WplufPmQRSrLdI9BWf8cBrxvXuRtjvMRKzxQ==}
    engines: {node: '>=12.4.0'}

  '@nolyfill/shared@1.0.28':
    resolution: {integrity: sha512-UJTshFMDgugBcYXGLopbL1enYpGREOEfjUMQKLPLeJqWfbfElGtYbGbUcucCENa7cicGo3M5u/DnPiZe/PYQyw==}

  '@pm2/agent@2.0.4':
    resolution: {integrity: sha512-n7WYvvTJhHLS2oBb1PjOtgLpMhgImOq8sXkPBw6smeg9LJBWZjiEgPKOpR8mn9UJZsB5P3W4V/MyvNnp31LKeA==}

  '@pm2/io@6.0.1':
    resolution: {integrity: sha512-KiA+shC6sULQAr9mGZ1pg+6KVW9MF8NpG99x26Lf/082/Qy8qsTCtnJy+HQReW1A9Rdf0C/404cz0RZGZro+IA==}
    engines: {node: '>=6.0'}

  '@pm2/js-api@0.8.0':
    resolution: {integrity: sha512-nmWzrA/BQZik3VBz+npRcNIu01kdBhWL0mxKmP1ciF/gTcujPTQqt027N9fc1pK9ERM8RipFhymw7RcmCyOEYA==}
    engines: {node: '>=4.0'}

  '@pm2/pm2-version-check@1.0.4':
    resolution: {integrity: sha512-SXsM27SGH3yTWKc2fKR4SYNxsmnvuBQ9dd6QHtEWmiZ/VqaOYPAIlS8+vMcn27YLtAEBGvNRSh3TPNvtjZgfqA==}

  '@sentry-internal/tracing@7.120.0':
    resolution: {integrity: sha512-VymJoIGMV0PcTJyshka9uJ1sKpR7bHooqW5jTEr6g0dYAwB723fPXHjVW+7SETF7i5+yr2KMprYKreqRidKyKA==}
    engines: {node: '>=8'}

  '@sentry/core@7.120.0':
    resolution: {integrity: sha512-uTc2sUQ0heZrMI31oFOHGxjKgw16MbV3C2mcT7qcrb6UmSGR9WqPOXZhnVVuzPWCnQ8B5IPPVdynK//J+9/m6g==}
    engines: {node: '>=8'}

  '@sentry/integrations@7.120.0':
    resolution: {integrity: sha512-/Hs9MgSmG4JFNyeQkJ+MWh/fxO/U38Pz0VSH3hDrfyCjI8vH9Vz9inGEQXgB9Ke4eH8XnhsQ7xPnM27lWJts6g==}
    engines: {node: '>=8'}

  '@sentry/node@7.120.0':
    resolution: {integrity: sha512-GAyuNd8WUznsiOyDq2QUwR/aVnMmItUc4tgZQxhH1R+n4Adx3cAhnpq3zEuzsIAC5+/7ut+4Q4B3akh6SDZd4w==}
    engines: {node: '>=8'}

  '@sentry/types@7.120.0':
    resolution: {integrity: sha512-3mvELhBQBo6EljcRrJzfpGJYHKIZuBXmqh0y8prh03SWE62pwRL614GIYtd4YOC6OP1gfPn8S8h9w3dD5bF5HA==}
    engines: {node: '>=8'}

  '@sentry/utils@7.120.0':
    resolution: {integrity: sha512-XZsPcBHoYu4+HYn14IOnhabUZgCF99Xn4IdWn8Hjs/c+VPtuAVDhRTsfPyPrpY3OcN8DgO5fZX4qcv/6kNbX1A==}
    engines: {node: '>=8'}

  '@tootallnate/quickjs-emscripten@0.23.0':
    resolution: {integrity: sha512-C5Mc6rdnsaJDjO3UpGW/CQTHtCKaYlScZTly4JIu97Jxo/odCiH0ITnDXSJPTOrEKk/ycSZ0AOgTmkDtkOsvIA==}

  agent-base@7.1.1:
    resolution: {integrity: sha512-H0TSyFNDMomMNJQBn8wFV5YC/2eJ+VXECwOadZJT554xP6cODZHPX3H9QMQECxvrgiSOP1pHjy1sMWQVYJOUOA==}
    engines: {node: '>= 14'}

  amp-message@0.1.2:
    resolution: {integrity: sha512-JqutcFwoU1+jhv7ArgW38bqrE+LQdcRv4NxNw0mp0JHQyB6tXesWRjtYKlDgHRY2o3JE5UTaBGUK8kSWUdxWUg==}

  amp@0.3.1:
    resolution: {integrity: sha512-OwIuC4yZaRogHKiuU5WlMR5Xk/jAcpPtawWL05Gj8Lvm2F6mwoJt4O/bHI+DHwG79vWd+8OFYM4/BzYqyRd3qw==}

  ansi-colors@4.1.3:
    resolution: {integrity: sha512-/6w/C21Pm1A7aZitlI5Ni/2J6FFQN8i1Cvz3kHABAAbw93v/NlvKdVOqz7CCWz/3iv/JplRSEEZ83XION15ovw==}
    engines: {node: '>=6'}

  ansi-regex@5.0.1:
    resolution: {integrity: sha512-quJQXlTSUGL2LH9SUXo8VwsY4soanhgo6LNSm84E1LBcE8s3O0wpdiRzyR9z/ZZJMlMWv37qOOb9pdJlMUEKFQ==}
    engines: {node: '>=8'}

  ansi-styles@4.3.0:
    resolution: {integrity: sha512-zbB9rCJAT1rbjiVDb2hqKFHNYLxgtk8NURxZ3IZwD3F6NtxbXZQCnnSi1Lkx+IDohdPlFp222wVALIheZJQSEg==}
    engines: {node: '>=8'}

  anymatch@3.1.3:
    resolution: {integrity: sha512-KMReFUr0B4t+D+OBkjR3KYqvocp2XaSzO55UcB6mgQMd3KbcE+mWTyvVV7D/zsdEbNnV6acZUutkiHQXvTr1Rw==}
    engines: {node: '>= 8'}

  argparse@2.0.1:
    resolution: {integrity: sha512-8+9WqebbFzpX9OR+Wa6O29asIogeRMzcGtAINdpMHHyAg10f05aSFVBbcEqGf/PXw1EjAZ+q2/bEBg3DvurK3Q==}

  ast-types@0.13.4:
    resolution: {integrity: sha512-x1FCFnFifvYDDzTaLII71vG5uvDwgtmDTEVWAxrgeiR8VjMONcCXJx7E+USjDtHlwFmt9MysbqgF9b9Vjr6w+w==}
    engines: {node: '>=4'}

  async@2.6.4:
    resolution: {integrity: sha512-mzo5dfJYwAn29PeiJ0zvwTo04zj8HDJj0Mn8TD7sno7q12prdbnasKJHhkm2c1LgrhlJ0teaea8860oxi51mGA==}

  async@3.2.6:
    resolution: {integrity: sha512-htCUDlxyyCLMgaM3xXg0C0LW2xqfuQ6p05pCEIsXuyQ+a1koYKTuBMzRNwmybfLgvJDMd0r1LTn4+E0Ti6C2AA==}

  balanced-match@1.0.2:
    resolution: {integrity: sha512-3oSeUO0TMV67hN1AmbXsK4yaqU7tjiHlbxRDZOpH0KW9+CeX4bRAaX0Anxt0tx2MrpRpWwQaPwIlISEJhYU5Pw==}

  basic-ftp@5.0.5:
    resolution: {integrity: sha512-4Bcg1P8xhUuqcii/S0Z9wiHIrQVPMermM1any+MX5GeGD7faD3/msQUDGLol9wOcz4/jbg/WJnGqoJF6LiBdtg==}
    engines: {node: '>=10.0.0'}

  binary-extensions@2.3.0:
    resolution: {integrity: sha512-Ceh+7ox5qe7LJuLHoY0feh3pHuUDHAcRUeyL2VYghZwfpkNIy/+8Ocg0a3UuSoYzavmylwuLWQOf3hl0jjMMIw==}
    engines: {node: '>=8'}

  blessed@0.1.81:
    resolution: {integrity: sha512-LoF5gae+hlmfORcG1M5+5XZi4LBmvlXTzwJWzUlPryN/SJdSflZvROM2TwkT0GMpq7oqT48NRd4GS7BiVBc5OQ==}
    engines: {node: '>= 0.8.0'}
    hasBin: true

  bodec@0.1.0:
    resolution: {integrity: sha512-Ylo+MAo5BDUq1KA3f3R/MFhh+g8cnHmo8bz3YPGhI1znrMaf77ol1sfvYJzsw3nTE+Y2GryfDxBaR+AqpAkEHQ==}

  boolean@3.2.0:
    resolution: {integrity: sha512-d0II/GO9uf9lfUHH2BQsjxzRJZBdsjgsBiW4BvhWk/3qoKwQFjIDVN19PfX8F2D/r9PCMTtLWjYVCFrpeYUzsw==}
    deprecated: Package no longer supported. Contact Support at https://www.npmjs.com/support for more info.

  brace-expansion@1.1.11:
    resolution: {integrity: sha512-iCuPHDFgrHX7H2vEI/5xpz07zSHB00TpugqhmYtVmMO6518mCuRMoOYFldEBl0g187ufozdaHgWKcYFb61qGiA==}

  braces@3.0.3:
    resolution: {integrity: sha512-yQbXgO/OSZVD2IsiLlro+7Hf6Q18EJrKSEsdoMzKePKXct3gvD8oLcOQdIzGupr5Fj+EDe8gO/lxc1BzfMpxvA==}
    engines: {node: '>=8'}

  buffer-from@1.1.2:
    resolution: {integrity: sha512-E+XQCRwSbaaiChtv6k6Dwgc+bx+Bs6vuKJHHl5kox/BaKbhiXzqQOwK4cO22yElGp2OCmjwVhT3HmxgyPGnJfQ==}

  chalk@3.0.0:
    resolution: {integrity: sha512-4D3B6Wf41KOYRFdszmDqMCGq5VV/uMAB273JILmO+3jAlh8X4qDtdtgCR3fxtbLEMzSx22QdhnDcJvu2u1fVwg==}
    engines: {node: '>=8'}

  chalk@4.1.2:
    resolution: {integrity: sha512-oKnbhFyRIXpUuez8iBMmyEa4nbj4IOQyuhc/wy9kY7/WVPcwIO9VA668Pu8RkO7+0G76SLROeyw9CpQ061i4mA==}
    engines: {node: '>=10'}

  charm@0.1.2:
    resolution: {integrity: sha512-syedaZ9cPe7r3hoQA9twWYKu5AIyCswN5+szkmPBe9ccdLrj4bYaCnLVPTLd2kgVRc7+zoX4tyPgRnFKCj5YjQ==}

  chokidar@3.6.0:
    resolution: {integrity: sha512-7VT13fmjotKpGipCW9JEQAusEPE+Ei8nl6/g4FBAmIm0GOOLMua9NDDo/DWp0ZAxCr3cPq5ZpBqmPAQgDda2Pw==}
    engines: {node: '>= 8.10.0'}

  cli-tableau@2.0.1:
    resolution: {integrity: sha512-he+WTicka9cl0Fg/y+YyxcN6/bfQ/1O3QmgxRXDhABKqLzvoOSM4fMzp39uMyLBulAFuywD2N7UaoQE7WaADxQ==}
    engines: {node: '>=8.10.0'}

  cliui@8.0.1:
    resolution: {integrity: sha512-BSeNnyus75C4//NQ9gQt1/csTXyo/8Sb+afLAkzAptFuMsod9HFokGNudZpi/oQV73hnVK+sR+5PVRMd+Dr7YQ==}
    engines: {node: '>=12'}

  color-convert@2.0.1:
    resolution: {integrity: sha512-RRECPsj7iu/xb5oKYcsFHSppFNnsj/52OVTRKb4zP5onXwVF3zVmmToNcOfGC+CRDpfK/U584fMg38ZHCaElKQ==}
    engines: {node: '>=7.0.0'}

  color-name@1.1.4:
    resolution: {integrity: sha512-dOy+3AuW3a2wNbZHIuMZpTcgjGuLU/uBL/ubcZF9OXbDo8ff4O8yVp5Bf0efS8uEoYo5q4Fx7dY9OgQGXgAsQA==}

  commander@2.15.1:
    resolution: {integrity: sha512-VlfT9F3V0v+jr4yxPc5gg9s62/fIVWsd2Bk2iD435um1NlGMYdVCq+MjcXnhYq2icNOizHr1kK+5TI6H0Hy0ag==}

  concat-map@0.0.1:
    resolution: {integrity: sha512-/Srv4dswyQNBfohGpz9o6Yb3Gz3SrUDqBH5rTuhGR7ahtlbYKnVxw2bCFMRljaA7EXHaXZ8wsHdodFvbkhKmqg==}

  concurrently@9.1.0:
    resolution: {integrity: sha512-VxkzwMAn4LP7WyMnJNbHN5mKV9L2IbyDjpzemKr99sXNR3GqRNMMHdm7prV1ws9wg7ETj6WUkNOigZVsptwbgg==}
    engines: {node: '>=18'}
    hasBin: true

  croner@4.1.97:
    resolution: {integrity: sha512-/f6gpQuxDaqXu+1kwQYSckUglPaOrHdbIlBAu0YuW8/Cdb45XwXYNUBXg3r/9Mo6n540Kn/smKcZWko5x99KrQ==}

  culvert@0.1.2:
    resolution: {integrity: sha512-yi1x3EAWKjQTreYWeSd98431AV+IEE0qoDyOoaHJ7KJ21gv6HtBXHVLX74opVSGqcR8/AbjJBHAHpcOy2bj5Gg==}

  data-uri-to-buffer@6.0.2:
    resolution: {integrity: sha512-7hvf7/GW8e86rW0ptuwS3OcBGDjIi6SZva7hCyWC0yYry2cOPmLIjXAUHI6DK2HsnwJd9ifmt57i8eV2n4YNpw==}
    engines: {node: '>= 14'}

  dayjs@1.11.13:
    resolution: {integrity: sha512-oaMBel6gjolK862uaPQOVTA7q3TZhuSvuMQAAglQDOWYO9A91IrAOUJEyKVlqJlHE0vq5p5UXxzdPfMH/x6xNg==}

  dayjs@1.8.36:
    resolution: {integrity: sha512-3VmRXEtw7RZKAf+4Tv1Ym9AGeo8r8+CjDi26x+7SYQil1UqtqdaokhzoEJohqlzt0m5kacJSDhJQkG/LWhpRBw==}

  debug@3.2.7:
    resolution: {integrity: sha512-CFjzYYAi4ThfiQvizrFQevTTXHtnCqWfe7x1AhgEscTz6ZbLbfoLRLPugTQyBth6f8ZERVUSyWHFD/7Wu4t1XQ==}
    peerDependencies:
      supports-color: '*'
    peerDependenciesMeta:
      supports-color:
        optional: true

  debug@4.3.7:
    resolution: {integrity: sha512-Er2nc/H7RrMXZBFCEim6TCmMk02Z8vLC2Rbi1KEBggpo0fS6l0S1nnapwmIi3yW/+GOJap1Krg4w0Hg80oCqgQ==}
    engines: {node: '>=6.0'}
    peerDependencies:
      supports-color: '*'
    peerDependenciesMeta:
      supports-color:
        optional: true

  degenerator@5.0.1:
    resolution: {integrity: sha512-TllpMR/t0M5sqCXfj85i4XaAzxmS5tVA16dqvdkMwGmzI+dXLXnw3J+3Vdv7VKw+ThlTMboK6i9rnZ6Nntj5CQ==}
    engines: {node: '>= 14'}

  detect-node@2.1.0:
    resolution: {integrity: sha512-T0NIuQpnTvFDATNuHN5roPwSBG83rFsuO+MXXH9/3N1eFbn4wcPjttvjMLEPWJ0RGUYgQE7cGgS3tNxbqCGM7g==}

  emoji-regex@8.0.0:
    resolution: {integrity: sha512-MSjYzcWNOA0ewAHpz0MxpYFvwg6yjy1NG3xteoqz644VCo/RPgnr1/GGt+ic3iJTzQ8Eu3TdM14SawnVUmGE6A==}

  enquirer@2.3.6:
    resolution: {integrity: sha512-yjNnPr315/FjS4zIsUxYguYUPP2e1NK4d7E7ZOLiyYCcbFBiTMyID+2wvm2w6+pZ/odMA7cRkjhsPbltwBOrLg==}
    engines: {node: '>=8.6'}

  es6-error@4.1.1:
    resolution: {integrity: sha512-Um/+FxMr9CISWh0bi5Zv0iOD+4cFh5qLeks1qhAopKVAJw3drgKbKySikp7wGhDL0HPeaja0P5ULZrxLkniUVg==}

  escalade@3.2.0:
    resolution: {integrity: sha512-WUj2qlxaQtO4g6Pq5c29GTcWGDyd8itL8zTlipgECz3JesAiiOKotd8JU6otB3PACgG6xkJUyVhboMS+bje/jA==}
    engines: {node: '>=6'}

  escape-string-regexp@4.0.0:
    resolution: {integrity: sha512-TtpcNJ3XAzx3Gq8sWRzJaVajRs0uVxA2YAkdb1jm2YkPz4G6egUFAyA3n5vtEIZefPk5Wa4UXbKuS5fKkJWdgA==}
    engines: {node: '>=10'}

  escodegen@2.1.0:
    resolution: {integrity: sha512-2NlIDTwUWJN0mRPQOdtQBzbUHvdGY2P1VXSyU83Q3xKxM7WHX2Ql8dKq782Q9TgQUNOLEzEYu9bzLNj1q88I5w==}
    engines: {node: '>=6.0'}
    hasBin: true

  esprima@4.0.1:
    resolution: {integrity: sha512-eGuFFw7Upda+g4p+QHvnW0RyTX/SVeJBDM/gCtMARO0cLuT2HcEKnTPvhjV6aGeqrCB/sbNop0Kszm0jsaWU4A==}
    engines: {node: '>=4'}
    hasBin: true

  estraverse@5.3.0:
    resolution: {integrity: sha512-MMdARuVEQziNTeJD8DgMqmhwR11BRQ/cBP+pLtYdSTnf3MIO8fFeiINEbX36ZdNlfU/7A9f3gUw49B3oQsvwBA==}
    engines: {node: '>=4.0'}

  esutils@2.0.3:
    resolution: {integrity: sha512-kVscqXk4OCp68SZ0dkgEKVi6/8ij300KBWTJq32P/dYeWTSwK41WyTxalN1eRmA5Z9UU/LX9D7FWSmV9SAYx6g==}
    engines: {node: '>=0.10.0'}

  eventemitter2@0.4.14:
    resolution: {integrity: sha512-K7J4xq5xAD5jHsGM5ReWXRTFa3JRGofHiMcVgQ8PRwgWxzjHpMWCIzsmyf60+mh8KLsqYPcjUMa0AC4hd6lPyQ==}

  eventemitter2@5.0.1:
    resolution: {integrity: sha512-5EM1GHXycJBS6mauYAbVKT1cVs7POKWb2NXD4Vyt8dDqeZa7LaDK1/sjtL+Zb0lzTpSNil4596Dyu97hz37QLg==}

  eventemitter2@6.4.9:
    resolution: {integrity: sha512-JEPTiaOt9f04oa6NOkc4aH+nVp5I3wEjpHbIPqfgCdD5v5bUzy7xQqwcVO2aDQgOWhI28da57HksMrzK9HlRxg==}

  extrareqp2@1.0.0:
    resolution: {integrity: sha512-Gum0g1QYb6wpPJCVypWP3bbIuaibcFiJcpuPM10YSXp/tzqi84x9PJageob+eN4xVRIOto4wjSGNLyMD54D2xA==}

  fast-json-patch@3.1.1:
    resolution: {integrity: sha512-vf6IHUX2SBcA+5/+4883dsIjpBTqmfBjmYiWK1savxQmFk4JfBMLa7ynTYOs1Rolp/T1betJxHiGD3g1Mn8lUQ==}

  fclone@1.0.11:
    resolution: {integrity: sha512-GDqVQezKzRABdeqflsgMr7ktzgF9CyS+p2oe0jJqUY6izSSbhPIQJDpoU4PtGcD7VPM9xh/dVrTu6z1nwgmEGw==}

  fill-range@7.1.1:
    resolution: {integrity: sha512-YsGpe3WHLK8ZYi4tWDg2Jy3ebRz2rXowDxnld4bkQB00cc/1Zw9AWnC0i9ztDJitivtQvaI9KaLyKrc+hBW0yg==}
    engines: {node: '>=8'}

  follow-redirects@1.15.9:
    resolution: {integrity: sha512-gew4GsXizNgdoRyqmyfMHyAmXsZDk6mHkSxZFCzW9gwlbtOW44CDtYavM+y+72qD/Vq2l550kMF52DT8fOLJqQ==}
    engines: {node: '>=4.0'}
    peerDependencies:
      debug: '*'
    peerDependenciesMeta:
      debug:
        optional: true

  fs-extra@11.2.0:
    resolution: {integrity: sha512-PmDi3uwK5nFuXh7XDTlVnS17xJS7vW36is2+w3xcv8SVxiB4NyATf4ctkVY5bkSjX0Y4nbvZCq1/EjtEyr9ktw==}
    engines: {node: '>=14.14'}

  fs.realpath@1.0.0:
    resolution: {integrity: sha512-OO0pH2lK6a0hZnAdau5ItzHPI6pUlvI7jMVnxUQRtw4owF2wk8lOSabtGDCTP4Ggrg2MbGnWO9X8K1t4+fGMDw==}

  fsevents@2.3.3:
    resolution: {integrity: sha512-5xoDfX+fL7faATnagmWPpbFtwh/R77WmMMqqHGS65C3vvB0YHrgF+B1YmZ3441tMj5n63k0212XNoJwzlhffQw==}
    engines: {node: ^8.16.0 || ^10.6.0 || >=11.0.0}
    os: [darwin]

  get-caller-file@2.0.5:
    resolution: {integrity: sha512-DyFP3BM/3YHTQOCUL/w0OZHR0lpKeGrxotcHWcqNEdnltqFwXVfhEBQ94eIo34AfQpo0rGki4cyIiftY06h2Fg==}
    engines: {node: 6.* || 8.* || >= 10.*}

  get-uri@6.0.3:
    resolution: {integrity: sha512-BzUrJBS9EcUb4cFol8r4W3v1cPsSyajLSthNkz5BxbpDcHN5tIrM10E2eNvfnvBn3DaT3DUgx0OpsBKkaOpanw==}
    engines: {node: '>= 14'}

  git-node-fs@1.0.0:
    resolution: {integrity: sha512-bLQypt14llVXBg0S0u8q8HmU7g9p3ysH+NvVlae5vILuUvs759665HvmR5+wb04KjHyjFcDRxdYb4kyNnluMUQ==}
    peerDependencies:
      js-git: ^0.7.8
    peerDependenciesMeta:
      js-git:
        optional: true

  git-sha1@0.1.2:
    resolution: {integrity: sha512-2e/nZezdVlyCopOCYHeW0onkbZg7xP1Ad6pndPy1rCygeRykefUS6r7oA5cJRGEFvseiaz5a/qUHFVX1dd6Isg==}

  glob-parent@5.1.2:
    resolution: {integrity: sha512-AOIgSQCepiJYwP3ARnGx+5VnTu2HBYdzbGP45eLw1vr3zB3vZLeyed1sC9hnbcOc9/SrMyM5RPQrkGz4aS9Zow==}
    engines: {node: '>= 6'}

  glob@7.2.3:
    resolution: {integrity: sha512-nFR0zLpU2YCaRxwoCJvL6UvCH2JFyFVIvwTLsIf21AuHlMskA1hhTdk+LlYJtOlYt9v6dvszD2BGRqBL+iQK9Q==}
    deprecated: Glob versions prior to v9 are no longer supported

  global-agent@3.0.0:
    resolution: {integrity: sha512-PT6XReJ+D07JvGoxQMkT6qji/jVNfX/h364XHZOWeRzy64sSFr+xJ5OX7LI3b4MPQzdL4H8Y8M0xzPpsVMwA8Q==}
    engines: {node: '>=10.0'}

  graceful-fs@4.2.11:
    resolution: {integrity: sha512-RbJ5/jmFcNNCcDV5o9eTnBLJ/HszWV0P73bc+Ff4nS/rJj+YaS6IGyiOL0VoBYX+l1Wrl3k63h/KrH+nhJ0XvQ==}

  has-flag@4.0.0:
    resolution: {integrity: sha512-EykJT/Q1KjTWctppgIAgfSO0tKVuZUjhgMr17kqTumMl6Afv3EISleU7qZUzoXDFTAHTDC4NOoG/ZxU3EvlMPQ==}
    engines: {node: '>=8'}

  http-proxy-agent@7.0.2:
    resolution: {integrity: sha512-T1gkAiYYDWYx3V5Bmyu7HcfcvL7mUrTWiM6yOfa3PIphViJ/gFPbvidQ+veqSOHci/PxBcDabeUNCzpOODJZig==}
    engines: {node: '>= 14'}

  https-proxy-agent@7.0.5:
    resolution: {integrity: sha512-1e4Wqeblerz+tMKPIq2EMGiiWW1dIjZOksyHWSUm1rmuvw/how9hBHZ38lAGj5ID4Ik6EdkOw7NmWPy6LAwalw==}
    engines: {node: '>= 14'}

  iconv-lite@0.4.24:
    resolution: {integrity: sha512-v3MXnZAcvnywkTUEZomIActle7RXXeedOR31wwl7VlyoXO4Qi9arvSenNQWne1TcRwhCL1HwLI21bEqdpj8/rA==}
    engines: {node: '>=0.10.0'}

  immediate@3.0.6:
    resolution: {integrity: sha512-XXOFtyqDjNDAQxVfYxuF7g9Il/IbWmmlQg2MYKOH8ExIT1qg6xc4zyS3HaEEATgs1btfzxq15ciUiY7gjSXRGQ==}

  inflight@1.0.6:
    resolution: {integrity: sha512-k92I/b08q4wvFscXCLvqfsHCrjrF7yiXsQuIVvVE7N82W3+aqpzuUdBbfhWcy/FZR3/4IgflMgKLOsvPDrGCJA==}
    deprecated: This module is not supported, and leaks memory. Do not use it. Check out lru-cache if you want a good and tested way to coalesce async requests by a key value, which is much more comprehensive and powerful.

  inherits@2.0.4:
    resolution: {integrity: sha512-k/vGaX4/Yla3WzyMCvTQOXYeIHvqOKtnqBduzTHpzpQZzAskKMhZ2K+EnBiSM9zGSoIFeMpXKxa4dYeZIQqewQ==}

  ini@1.3.8:
    resolution: {integrity: sha512-JV/yugV2uzW5iMRSiZAyDtQd+nxtUnjeLt0acNdw98kKLrvuRVyB80tsREOE7yvGVgalhZ6RNXCmEHkUKBKxew==}

  interpret@1.4.0:
    resolution: {integrity: sha512-agE4QfB2Lkp9uICn7BAqoscw4SZP9kTE2hxiFI3jBPmXJfdqiahTbUuKGsMoN2GtqL9AxhYioAcVvgsb1HvRbA==}
    engines: {node: '>= 0.10'}

  ip-address@9.0.5:
    resolution: {integrity: sha512-zHtQzGojZXTwZTHQqra+ETKd4Sn3vgi7uBmlPoXVWZqYvuKmtI0l/VZTjqGmJY9x88GGOaZ9+G9ES8hC4T4X8g==}
    engines: {node: '>= 12'}

  is-binary-path@2.1.0:
    resolution: {integrity: sha512-ZMERYes6pDydyuGidse7OsHxtbI7WVeUEozgR/g7rd0xUimYNlvZRE/K2MgZTjWy725IfelLeVcEM97mmtRGXw==}
    engines: {node: '>=8'}

  is-extglob@2.1.1:
    resolution: {integrity: sha512-SbKbANkN603Vi4jEZv49LeVJMn4yGwsbzZworEoyEiutsN3nJYdbO36zfhGJ6QEDpOZIFkDtnq5JRxmvl3jsoQ==}
    engines: {node: '>=0.10.0'}

  is-fullwidth-code-point@3.0.0:
    resolution: {integrity: sha512-zymm5+u+sCsSWyD9qNaejV3DFvhCKclKdizYaJUuHA83RLjb7nSuGnddCHGv0hk+KY7BMAlsWeK4Ueg6EV6XQg==}
    engines: {node: '>=8'}

  is-glob@4.0.3:
    resolution: {integrity: sha512-xelSayHH36ZgE7ZWhli7pW34hNbNl8Ojv5KVmkJD4hBdD3th8Tfk9vYasLM+mXWOZhFkgZfxhLSnrwRr4elSSg==}
    engines: {node: '>=0.10.0'}

  is-number@7.0.0:
    resolution: {integrity: sha512-41Cifkg6e8TylSpdtTpeLVMqvSBEVzTttHvERD741+pnZ8ANv0004MRL43QKPDlK9cGvNp6NZWZUBlbGXYxxng==}
    engines: {node: '>=0.12.0'}

  js-git@0.7.8:
    resolution: {integrity: sha512-+E5ZH/HeRnoc/LW0AmAyhU+mNcWBzAKE+30+IDMLSLbbK+Tdt02AdkOKq9u15rlJsDEGFqtgckc8ZM59LhhiUA==}

  js-yaml@4.1.0:
    resolution: {integrity: sha512-wpxZs9NoxZaJESJGIZTyDEaYpl0FKSA+FB9aJiyemKhMwkxQg63h4T1KJgUGHpTqPDNRcmmYLugrRjJlBtWvRA==}
    hasBin: true

  jsbn@1.1.0:
    resolution: {integrity: sha512-4bYVV3aAMtDTTu4+xsDYa6sy9GyJ69/amsu9sYF2zqjiEoZA5xJi3BrfX3uY+/IekIu7MwdObdbDWpoZdBv3/A==}

  json-stringify-safe@5.0.1:
    resolution: {integrity: sha512-ZClg6AaYvamvYEE82d3Iyd3vSSIjQ+odgjaTzRuO3s7toCdFKczob2i0zCh7JE8kWn17yvAWhUVxvqGwUalsRA==}

  jsonfile@6.1.0:
    resolution: {integrity: sha512-5dgndWOriYSm5cnYaJNhalLNDKOqFwyDB/rr1E9ZsGciGvKPs8R2xYGCacuf3z6K1YKDz182fd+fY3cn3pMqXQ==}

  lazy@1.0.11:
    resolution: {integrity: sha512-Y+CjUfLmIpoUCCRl0ub4smrYtGGr5AOa2AKOaWelGHOGz33X/Y/KizefGqbkwfz44+cnq/+9habclf8vOmu2LA==}
    engines: {node: '>=0.2.0'}

  lie@3.1.1:
    resolution: {integrity: sha512-RiNhHysUjhrDQntfYSfY4MU24coXXdEOgw9WGcKHNeEwffDYbF//u87M1EWaMGzuFoSbqW0C9C6lEEhDOAswfw==}

  localforage@1.10.0:
    resolution: {integrity: sha512-14/H1aX7hzBBmmh7sGPd+AOMkkIrHM3Z1PAyGgZigA1H1p5O5ANnMyWzvpAETtG68/dC4pC0ncy3+PPGzXZHPg==}

  lodash@4.17.21:
    resolution: {integrity: sha512-v2kDEe57lecTulaDIuNTPy3Ry4gLGJ6Z1O3vE1krgXZNrsQ+LFTGHVxVjcXPs17LhbZVGedAJv8XZ1tvj5FvSg==}

  lru-cache@6.0.0:
    resolution: {integrity: sha512-Jo6dJ04CmSjuznwJSS3pUeWmd/H0ffTlkXXgwZi+eq1UCmqQwCh+eLsYOYCwY991i2Fah4h1BEMCx4qThGbsiA==}
    engines: {node: '>=10'}

  lru-cache@7.18.3:
    resolution: {integrity: sha512-jumlc0BIUrS3qJGgIkWZsyfAM7NCWiBcCDhnd+3NNM5KbBmLTgHVfWBcg6W+rLUsIpzpERPsvwUP7CckAQSOoA==}
    engines: {node: '>=12'}

  matcher@3.0.0:
    resolution: {integrity: sha512-OkeDaAZ/bQCxeFAozM55PKcKU0yJMPGifLwV4Qgjitu+5MoAfSQN4lsLJeXZ1b8w0x+/Emda6MZgXS1jvsapng==}
    engines: {node: '>=10'}

  minimatch@3.1.2:
    resolution: {integrity: sha512-J7p63hRiAjw1NDEww1W7i37+ByIrOWO5XQQAzZ3VOcL0PNybwpfmV/N05zFAzwQ9USyEcX6t3UO+K5aqBQOIHw==}

  minimist@1.2.8:
    resolution: {integrity: sha512-2yyAR8qBkN3YuheJanUpWC5U3bb5osDywNB8RzDVlDwDHbocAJveqqj1u8+SVD7jkWT4yvsHCpWqqWqAxb0zCA==}

  mkdirp@1.0.4:
    resolution: {integrity: sha512-vVqVZQyf3WLx2Shd0qJ9xuvqgAyKPLAiqITEtqW0oIUjzo3PePDd6fW9iFz30ef7Ysp/oiWqbhszeGWW2T6Gzw==}
    engines: {node: '>=10'}
    hasBin: true

  module-details-from-path@1.0.3:
    resolution: {integrity: sha512-ySViT69/76t8VhE1xXHK6Ch4NcDd26gx0MzKXLO+F7NOtnqH68d9zF94nT8ZWSxXh8ELOERsnJO/sWt1xZYw5A==}

  ms@2.1.3:
    resolution: {integrity: sha512-6FlzubTLZG3J2a/NVCAleEhjzq5oxgHyaCU9yYXvcLsvoVaHJq/s5xXI6/XXP6tz7R9xAOtHnSO/tXtF3WRTlA==}

  mute-stream@0.0.8:
    resolution: {integrity: sha512-nnbWWOkoWyUsTjKrhgD0dcz22mdkSnpYqbEjIm2nhwhuxlSkpywJmBo8h0ZqJdkp73mb90SssHkN4rsRaBAfAA==}

  needle@2.4.0:
    resolution: {integrity: sha512-4Hnwzr3mi5L97hMYeNl8wRW/Onhy4nUKR/lVemJ8gJedxxUyBLm9kkrDColJvoSfwi0jCNhD+xCdOtiGDQiRZg==}
    engines: {node: '>= 4.4.x'}
    hasBin: true

  netmask@2.0.2:
    resolution: {integrity: sha512-dBpDMdxv9Irdq66304OLfEmQ9tbNRFnFTuZiLo+bD+r332bBmMJ8GBLXklIXXgxd3+v9+KUnZaUR5PJMa75Gsg==}
    engines: {node: '>= 0.4.0'}

  normalize-path@3.0.0:
    resolution: {integrity: sha512-6eZs5Ls3WtCisHWp9S2GUy8dqkpGi4BVSz3GaqiE6ezub0512ESztXUwUB6C6IKbQkY2Pnb/mD4WYojCRwcwLA==}
    engines: {node: '>=0.10.0'}

  nssocket@0.6.0:
    resolution: {integrity: sha512-a9GSOIql5IqgWJR3F/JXG4KpJTA3Z53Cj0MeMvGpglytB1nxE4PdFNC0jINe27CS7cGivoynwc054EzCcT3M3w==}
    engines: {node: '>= 0.10.x'}

  once@1.4.0:
    resolution: {integrity: sha512-lNaJgI+2Q5URQBkccEKHTQOPaXdUxnZZElQTZY0MFUAuaEqe1E+Nyvgdz/aIyNi6Z9MzO5dv1H8n58/GELp3+w==}

  pac-proxy-agent@7.0.2:
    resolution: {integrity: sha512-BFi3vZnO9X5Qt6NRz7ZOaPja3ic0PhlsmCRYLOpN11+mWBCR6XJDqW5RF3j8jm4WGGQZtBA+bTfxYzeKW73eHg==}
    engines: {node: '>= 14'}

  pac-resolver@7.0.1:
    resolution: {integrity: sha512-5NPgf87AT2STgwa2ntRMr45jTKrYBGkVU36yT0ig/n/GMAa3oPqhZfIQ2kMEimReg0+t9kZViDVZ83qfVUlckg==}
    engines: {node: '>= 14'}

  pako@0.2.9:
    resolution: {integrity: sha512-NUcwaKxUxWrZLpDG+z/xZaCgQITkA/Dv4V/T6bw7VON6l1Xz/VnrBqrYjZQ12TamKHzITTfOEIYUj48y2KXImA==}

  path-is-absolute@1.0.1:
    resolution: {integrity: sha512-AVbw3UJ2e9bq64vSaS9Am0fje1Pa8pbGqTTsmXfaIiMpnr5DlDhfJOuLj9Sf95ZPVDAUerDfEk88MPmPe7UCQg==}
    engines: {node: '>=0.10.0'}

  path-parse@1.0.7:
    resolution: {integrity: sha512-LDJzPVEEEPR+y48z93A0Ed0yXb8pAByGWo/k5YYdYgpY2/2EsOsksJrq7lOHxryrVOn1ejG6oAp8ahvOIQD8sw==}

  picomatch@2.3.1:
    resolution: {integrity: sha512-JU3teHTNjmE2VCGFzuY8EXzCDVwEqB2a8fsIvwaStHhAWJEeVd1o1QD80CU6+ZdEXXSLbSsuLwJjkCBWqRQUVA==}
    engines: {node: '>=8.6'}

  pidusage@2.0.21:
    resolution: {integrity: sha512-cv3xAQos+pugVX+BfXpHsbyz/dLzX+lr44zNMsYiGxUw+kV5sgQCIcLd1z+0vq+KyC7dJ+/ts2PsfgWfSC3WXA==}
    engines: {node: '>=8'}

  pidusage@3.0.2:
    resolution: {integrity: sha512-g0VU+y08pKw5M8EZ2rIGiEBaB8wrQMjYGFfW2QVIfyT8V+fq8YFLkvlz4bz5ljvFDJYNFCWT3PWqcRr2FKO81w==}
    engines: {node: '>=10'}

  pm2-axon-rpc@0.7.1:
    resolution: {integrity: sha512-FbLvW60w+vEyvMjP/xom2UPhUN/2bVpdtLfKJeYM3gwzYhoTEEChCOICfFzxkxuoEleOlnpjie+n1nue91bDQw==}
    engines: {node: '>=5'}

  pm2-axon@4.0.1:
    resolution: {integrity: sha512-kES/PeSLS8orT8dR5jMlNl+Yu4Ty3nbvZRmaAtROuVm9nYYGiaoXqqKQqQYzWQzMYWUKHMQTvBlirjE5GIIxqg==}
    engines: {node: '>=5'}

  pm2-deploy@1.0.2:
    resolution: {integrity: sha512-YJx6RXKrVrWaphEYf++EdOOx9EH18vM8RSZN/P1Y+NokTKqYAca/ejXwVLyiEpNju4HPZEk3Y2uZouwMqUlcgg==}
    engines: {node: '>=4.0.0'}

  pm2-multimeter@0.1.2:
    resolution: {integrity: sha512-S+wT6XfyKfd7SJIBqRgOctGxaBzUOmVQzTAS+cg04TsEUObJVreha7lvCfX8zzGVr871XwCSnHUU7DQQ5xEsfA==}

  pm2-sysmonit@1.2.8:
    resolution: {integrity: sha512-ACOhlONEXdCTVwKieBIQLSi2tQZ8eKinhcr9JpZSUAL8Qy0ajIgRtsLxG/lwPOW3JEKqPyw/UaHmTWhUzpP4kA==}

  pm2@5.4.3:
    resolution: {integrity: sha512-4/I1htIHzZk1Y67UgOCo4F1cJtas1kSds31N8zN0PybO230id1nigyjGuGFzUnGmUFPmrJ0On22fO1ChFlp7VQ==}
    engines: {node: '>=12.0.0'}
    hasBin: true

  promptly@2.2.0:
    resolution: {integrity: sha512-aC9j+BZsRSSzEsXBNBwDnAxujdx19HycZoKgRgzWnS8eOHg1asuf9heuLprfbe739zY3IdUQx+Egv6Jn135WHA==}

  proxy-agent@6.3.1:
    resolution: {integrity: sha512-Rb5RVBy1iyqOtNl15Cw/llpeLH8bsb37gM1FUfKQ+Wck6xHlbAhWGUFiTRHtkjqGTA5pSHz6+0hrPW/oECihPQ==}
    engines: {node: '>= 14'}

  proxy-from-env@1.1.0:
    resolution: {integrity: sha512-D+zkORCbA9f1tdWRK0RaCR3GPv50cMxcrz4X8k5LTSUD1Dkw47mKJEZQNunItRTkWwgtaUSo1RVFRIG9ZXiFYg==}

  read@1.0.7:
    resolution: {integrity: sha512-rSOKNYUmaxy0om1BNjMN4ezNT6VKK+2xF4GBhc81mkH7L60i6dp8qPYrkndNLT3QPphoII3maL9PVC9XmhHwVQ==}
    engines: {node: '>=0.8'}

  readdirp@3.6.0:
    resolution: {integrity: sha512-hOS089on8RduqdbhvQ5Z37A0ESjsqz6qnRcffsMU3495FuTdqSm+7bhJ29JvIOsBDEEnan5DPu9t3To9VRlMzA==}
    engines: {node: '>=8.10.0'}

  rechoir@0.6.2:
    resolution: {integrity: sha512-HFM8rkZ+i3zrV+4LQjwQ0W+ez98pApMGM3HUrN04j3CqzPOzl9nmP15Y8YXNm8QHGv/eacOVEjqhmWpkRV0NAw==}
    engines: {node: '>= 0.10'}

  require-directory@2.1.1:
    resolution: {integrity: sha512-fGxEI7+wsG9xrvdjsrlmL22OMTTiHRwAMroiEeMgq8gzoLC/PQr7RsRDSTLUg/bZAZtF+TVIkHc6/4RIKrui+Q==}
    engines: {node: '>=0.10.0'}

  require-in-the-middle@5.2.0:
    resolution: {integrity: sha512-efCx3b+0Z69/LGJmm9Yvi4cqEdxnoGnxYxGxBghkkTTFeXRtTCmmhO0AnAfHz59k957uTSuy8WaHqOs8wbYUWg==}
    engines: {node: '>=6'}

  resolve@1.22.8:
    resolution: {integrity: sha512-oKWePCxqpd6FlLvGV1VU0x7bkPmmCNolxzjMf4NczoDnQcIWrAF+cPtZn5i6n+RfD2d9i0tzpKnG6Yk168yIyw==}
    hasBin: true

  roarr@2.15.4:
    resolution: {integrity: sha512-CHhPh+UNHD2GTXNYhPWLnU8ONHdI+5DI+4EYIAOaiD63rHeYlZvyh8P+in5999TTSFgUYuKUAjzRI4mdh/p+2A==}
    engines: {node: '>=8.0'}

  run-series@1.1.9:
    resolution: {integrity: sha512-Arc4hUN896vjkqCYrUXquBFtRZdv1PfLbTYP71efP6butxyQ0kWpiNJyAgsxscmQg1cqvHY32/UCBzXedTpU2g==}

  rxjs@7.8.1:
    resolution: {integrity: sha512-AA3TVj+0A2iuIoQkWEK/tqFjBq2j+6PO6Y0zJcvzLAFhEFIO3HL0vls9hWLncZbAAbK0mar7oZ4V079I/qPMxg==}

  sax@1.4.1:
    resolution: {integrity: sha512-+aWOz7yVScEGoKNd4PA10LZ8sk0A/z5+nXQG5giUO5rprX9jgYsTdov9qCchZiPIZezbZH+jRut8nPodFAX4Jg==}

  semver-compare@1.0.0:
    resolution: {integrity: sha512-YM3/ITh2MJ5MtzaM429anh+x2jiLVjqILF4m4oyQB18W7Ggea7BfqdH/wGMK7dDiMghv/6WG7znWMwUDzJiXow==}

  semver@7.5.4:
    resolution: {integrity: sha512-1bCSESV6Pv+i21Hvpxp3Dx+pSD8lIPt8uVjRrxAUt/nbswYc+tK6Y2btiULjd4+fnq15PX+nqQDC7Oft7WkwcA==}
    engines: {node: '>=10'}
    hasBin: true

  semver@7.6.3:
    resolution: {integrity: sha512-oVekP1cKtI+CTDvHWYFUcMtsK/00wmAEfyqKfNdARm8u1wNVhSgaX7A8d4UuIlUI5e84iEwOhs7ZPYRmzU9U6A==}
    engines: {node: '>=10'}
    hasBin: true

  serialize-error@7.0.1:
    resolution: {integrity: sha512-8I8TjW5KMOKsZQTvoxjuSIa7foAwPWGOts+6o7sgjz41/qMD9VQHEDxi6PBvK2l0MXUmqZyNpUK+T2tQaaElvw==}
    engines: {node: '>=10'}

  shell-quote@1.8.2:
    resolution: {integrity: sha512-AzqKpGKjrj7EM6rKVQEPpB288oCfnrEIuyoT9cyF4nmGa7V8Zk6f7RRqYisX8X9m+Q7bd632aZW4ky7EhbQztA==}
    engines: {node: '>= 0.4'}

  shelljs@0.8.5:
    resolution: {integrity: sha512-TiwcRcrkhHvbrZbnRcFYMLl30Dfov3HKqzp5tO5b4pt6G/SezKcYhmDg15zXVBswHmctSAQKznqNW2LO5tTDow==}
    engines: {node: '>=4'}
    hasBin: true

  shimmer@1.2.1:
    resolution: {integrity: sha512-sQTKC1Re/rM6XyFM6fIAGHRPVGvyXfgzIDvzoq608vM+jeyVD0Tu1E6Np0Kc2zAIFWIj963V2800iF/9LPieQw==}

  shx@0.3.4:
    resolution: {integrity: sha512-N6A9MLVqjxZYcVn8hLmtneQWIJtp8IKzMP4eMnx+nqkvXoqinUPCbUFLp2UcWTEIUONhlk0ewxr/jaVGlc+J+g==}
    engines: {node: '>=6'}
    hasBin: true

  signal-exit@3.0.7:
    resolution: {integrity: sha512-wnD2ZE+l+SPC/uoS0vXeE9L1+0wuaMqKlfz9AMUo38JsyLSBWSFcHR1Rri62LZc12vLr1gb3jl7iwQhgwpAbGQ==}

  smart-buffer@4.2.0:
    resolution: {integrity: sha512-94hK0Hh8rPqQl2xXc3HsaBoOXKV20MToPkcXvwbISWLEs+64sBq5kFgn2kJDHb1Pry9yrP0dxrCI9RRci7RXKg==}
    engines: {node: '>= 6.0.0', npm: '>= 3.0.0'}

  snyk@1.1294.2:
    resolution: {integrity: sha512-m6F+go3Fj///rfL+qfGZAslYBFxVtCgZ5PkKcoRjewmbgfisfTFPP6/SyWV6fH54hb7k00t2EEHYO02vRD4g+g==}
    engines: {node: '>=12'}
    hasBin: true

  socks-proxy-agent@8.0.4:
    resolution: {integrity: sha512-GNAq/eg8Udq2x0eNiFkr9gRg5bA7PXEWagQdeRX4cPSG+X/8V38v637gim9bjFptMk1QWsCTr0ttrJEiXbNnRw==}
    engines: {node: '>= 14'}

  socks@2.8.3:
    resolution: {integrity: sha512-l5x7VUUWbjVFbafGLxPWkYsHIhEvmF85tbIeFZWc8ZPtoMyybuEhL7Jye/ooC4/d48FgOjSJXgsF/AJPYCW8Zw==}
    engines: {node: '>= 10.0.0', npm: '>= 3.0.0'}

  source-map-support@0.5.21:
    resolution: {integrity: sha512-uBHU3L3czsIyYXKX88fdrGovxdSCoTGDRZ6SYXtSRxLZUzHg5P/66Ht6uoUlHu9EZod+inXhKo3qQgwXUT/y1w==}

  source-map@0.6.1:
    resolution: {integrity: sha512-UjgapumWlbMhkBgzT7Ykc5YXUT46F0iKu8SGXq0bcwP5dz/h0Plj6enJqjz1Zbq2l5WaqYnrVbwWOWMyF3F47g==}
    engines: {node: '>=0.10.0'}

  sprintf-js@1.1.2:
    resolution: {integrity: sha512-VE0SOVEHCk7Qc8ulkWw3ntAzXuqf7S2lvwQaDLRnUeIEaKNQJzV6BwmLKhOqT61aGhfUMrXeaBk+oDGCzvhcug==}

  sprintf-js@1.1.3:
    resolution: {integrity: sha512-Oo+0REFV59/rz3gfJNKQiBlwfHaSESl1pcGyABQsnnIfWOFt6JNj5gCog2U6MLZ//IGYD+nA8nI+mTShREReaA==}

  string-width@4.2.3:
    resolution: {integrity: sha512-wKyQRQpjJ0sIp62ErSZdGsjMJWsap5oRNihHhu6G7JVO/9jIB6UyevL+tXuOqrng8j/cxKTWyWUwvSTriiZz/g==}
    engines: {node: '>=8'}

  strip-ansi@6.0.1:
    resolution: {integrity: sha512-Y38VPSHcqkFrCpFnQ9vuSXmquuv5oXOKpGeT6aGrr3o3Gc9AlVa6JBfUSOCnbxGGZF+/0ooI7KrPuUSztUdU5A==}
    engines: {node: '>=8'}

  supports-color@7.2.0:
    resolution: {integrity: sha512-qpCAvRl9stuOHveKsn7HncJRvv501qIacKzQlO/+Lwxc9+0q2wLyv4Dfvt80/DPn2pqOBsJdDiogXGR9+OvwRw==}
    engines: {node: '>=8'}

  supports-color@8.1.1:
    resolution: {integrity: sha512-MpUEN2OodtUzxvKQl72cUF7RQ5EiHsGvSsVG0ia9c5RbWGL2CI4C7EpPS8UTBIplnlzZiNuV56w+FuNxy3ty2Q==}
    engines: {node: '>=10'}

  supports-preserve-symlinks-flag@1.0.0:
    resolution: {integrity: sha512-ot0WnXS9fgdkgIcePe6RHNk1WA8+muPa6cSjeR3V8K27q9BB1rTE3R1p7Hv0z1ZyAc8s6Vvv8DIyWf681MAt0w==}
    engines: {node: '>= 0.4'}

  systeminformation@5.23.5:
    resolution: {integrity: sha512-PEpJwhRYxZgBCAlWZhWIgfMTjXLqfcaZ1pJsJn9snWNfBW/Z1YQg1mbIUSWrEV3ErAHF7l/OoVLQeaZDlPzkpA==}
    engines: {node: '>=8.0.0'}
    os: [darwin, linux, win32, freebsd, openbsd, netbsd, sunos, android]
    hasBin: true

  to-regex-range@5.0.1:
    resolution: {integrity: sha512-65P7iz6X5yEr1cwcgvQxbbIw7Uk3gOy5dIdtZ4rDveLqhrdJP+Li/Hx6tyK0NEb+2GCyneCMJiGqrADCSNk8sQ==}
    engines: {node: '>=8.0'}

  tree-kill@1.2.2:
    resolution: {integrity: sha512-L0Orpi8qGpRG//Nd+H90vFB+3iHnue1zSSGmNOOCh1GLJ7rUKVwV2HvijphGQS2UmhUZewS9VgvxYIdgr+fG1A==}
    hasBin: true

  tslib@1.9.3:
    resolution: {integrity: sha512-4krF8scpejhaOgqzBEcGM7yDIEfi0/8+8zDRZhNZZ2kjmHJ4hv3zCbQWxoJGz1iw5U0Jl0nma13xzHXcncMavQ==}

  tslib@2.8.1:
    resolution: {integrity: sha512-oJFu94HQb+KVduSUQL7wnpmqnfmLsOA/nAh6b6EH0wCEoK0/mPeXU6c3wKDV83MkOuHPRHtSXKKU99IBazS/2w==}

  tv4@1.3.0:
    resolution: {integrity: sha512-afizzfpJgvPr+eDkREK4MxJ/+r8nEEHcmitwgnPUqpaP+FpwQyadnxNoSACbgc/b1LsZYtODGoPiFxQrgJgjvw==}
    engines: {node: '>= 0.8.0'}

  tx2@1.0.5:
    resolution: {integrity: sha512-sJ24w0y03Md/bxzK4FU8J8JveYYUbSs2FViLJ2D/8bytSiyPRbuE3DyL/9UKYXTZlV3yXq0L8GLlhobTnekCVg==}

  type-fest@0.13.1:
    resolution: {integrity: sha512-34R7HTnG0XIJcBSn5XhDd7nNFPRcXYRZrBB2O2jdKqYODldSzBAqzsWoZYYvduky73toYS/ESqxPvkDf/F0XMg==}
    engines: {node: '>=10'}

  universalify@2.0.1:
    resolution: {integrity: sha512-gptHNQghINnc/vTGIk0SOFGFNXw7JVrlRUtConJRlvaw6DuX0wO5Jeko9sWrMBhh+PsYAZ7oXAiOnf/UKogyiw==}
    engines: {node: '>= 10.0.0'}

  vizion@2.2.1:
    resolution: {integrity: sha512-sfAcO2yeSU0CSPFI/DmZp3FsFE9T+8913nv1xWBOyzODv13fwkn6Vl7HqxGpkr9F608M+8SuFId3s+BlZqfXww==}
    engines: {node: '>=4.0'}

  wrap-ansi@7.0.0:
    resolution: {integrity: sha512-YVGIj2kamLSTxw6NsZjoBxfSwsn0ycdesmc4p+Q21c5zPuZ1pl+NfxVdxPtdHvmNVOQ6XSYG4AUtyt/Fi7D16Q==}
    engines: {node: '>=10'}

  wrappy@1.0.2:
    resolution: {integrity: sha512-l4Sp/DRseor9wL6EvV2+TuQn63dMkPjZ/sp9XkghTEbV9KlPS1xUsZ3u7/IQO4wxtcFB4bgpQPRcR3QCvezPcQ==}

  ws@7.5.10:
    resolution: {integrity: sha512-+dbF1tHwZpXcbOJdVOkzLDxZP1ailvSxM6ZweXTegylPny803bFhA+vqBYw4s31NSAk4S2Qz+AKXK9a4wkdjcQ==}
    engines: {node: '>=8.3.0'}
    peerDependencies:
      bufferutil: ^4.0.1
      utf-8-validate: ^5.0.2
    peerDependenciesMeta:
      bufferutil:
        optional: true
      utf-8-validate:
        optional: true

  y18n@5.0.8:
    resolution: {integrity: sha512-0pfFzegeDWJHJIAmTLRP2DwHjdF5s7jo9tuztdQxAhINCdvS+3nGINqPd00AphqJR/0LhANUS6/+7SCb98YOfA==}
    engines: {node: '>=10'}

  yallist@4.0.0:
    resolution: {integrity: sha512-3wdGidZyq5PB084XLES5TpOSRA3wjXAlIWMhum2kRcv/41Sn2emQ0dycQW4uZXLejwKvg6EsvbdlVL+FYEct7A==}

  yargs-parser@21.1.1:
    resolution: {integrity: sha512-tVpsJW7DdjecAiFpbIB1e3qxIQsE6NoPc5/eTdrbbIC4h0LVsWhnoa3g+m2HclBIujHzsxZ4VJVA+GUuc2/LBw==}
    engines: {node: '>=12'}

  yargs@17.7.2:
    resolution: {integrity: sha512-7dSzzRQ++CKnNI/krKnYRV7JKKPUXMEh61soaHKg9mrWEhzFWhFnxPxGl+69cD1Ou63C13NUPCnmIcrvqCuM6w==}
    engines: {node: '>=12'}

snapshots:

  '@nolyfill/globalthis@1.0.28':
    dependencies:
      '@nolyfill/shared': 1.0.28

  '@nolyfill/is-core-module@1.0.39': {}

  '@nolyfill/safe-buffer@1.0.41': {}

  '@nolyfill/safer-buffer@1.0.41': {}

  '@nolyfill/shared@1.0.28': {}

  '@pm2/agent@2.0.4':
    dependencies:
      async: 3.2.6
      chalk: 3.0.0
      dayjs: 1.8.36
      debug: 4.3.7
      eventemitter2: 5.0.1
      fast-json-patch: 3.1.1
      fclone: 1.0.11
      nssocket: 0.6.0
      pm2-axon: 4.0.1
      pm2-axon-rpc: 0.7.1
      proxy-agent: 6.3.1
      semver: 7.5.4
      ws: 7.5.10
    transitivePeerDependencies:
      - bufferutil
      - supports-color
      - utf-8-validate

  '@pm2/io@6.0.1':
    dependencies:
      async: 2.6.4
      debug: 4.3.7
      eventemitter2: 6.4.9
      require-in-the-middle: 5.2.0
      semver: 7.5.4
      shimmer: 1.2.1
      signal-exit: 3.0.7
      tslib: 1.9.3
    transitivePeerDependencies:
      - supports-color

  '@pm2/js-api@0.8.0':
    dependencies:
      async: 2.6.4
      debug: 4.3.7
      eventemitter2: 6.4.9
      extrareqp2: 1.0.0(debug@4.3.7)
      ws: 7.5.10
    transitivePeerDependencies:
      - bufferutil
      - supports-color
      - utf-8-validate

  '@pm2/pm2-version-check@1.0.4':
    dependencies:
      debug: 4.3.7
    transitivePeerDependencies:
      - supports-color

  '@sentry-internal/tracing@7.120.0':
    dependencies:
      '@sentry/core': 7.120.0
      '@sentry/types': 7.120.0
      '@sentry/utils': 7.120.0

  '@sentry/core@7.120.0':
    dependencies:
      '@sentry/types': 7.120.0
      '@sentry/utils': 7.120.0

  '@sentry/integrations@7.120.0':
    dependencies:
      '@sentry/core': 7.120.0
      '@sentry/types': 7.120.0
      '@sentry/utils': 7.120.0
      localforage: 1.10.0

  '@sentry/node@7.120.0':
    dependencies:
      '@sentry-internal/tracing': 7.120.0
      '@sentry/core': 7.120.0
      '@sentry/integrations': 7.120.0
      '@sentry/types': 7.120.0
      '@sentry/utils': 7.120.0

  '@sentry/types@7.120.0': {}

  '@sentry/utils@7.120.0':
    dependencies:
      '@sentry/types': 7.120.0

  '@tootallnate/quickjs-emscripten@0.23.0': {}

  agent-base@7.1.1:
    dependencies:
      debug: 4.3.7
    transitivePeerDependencies:
      - supports-color

  amp-message@0.1.2:
    dependencies:
      amp: 0.3.1

  amp@0.3.1: {}

  ansi-colors@4.1.3: {}

  ansi-regex@5.0.1: {}

  ansi-styles@4.3.0:
    dependencies:
      color-convert: 2.0.1

  anymatch@3.1.3:
    dependencies:
      normalize-path: 3.0.0
      picomatch: 2.3.1

  argparse@2.0.1: {}

  ast-types@0.13.4:
    dependencies:
      tslib: 2.8.1

  async@2.6.4:
    dependencies:
      lodash: 4.17.21

  async@3.2.6: {}

  balanced-match@1.0.2: {}

  basic-ftp@5.0.5: {}

  binary-extensions@2.3.0: {}

  blessed@0.1.81: {}

  bodec@0.1.0: {}

  boolean@3.2.0: {}

  brace-expansion@1.1.11:
    dependencies:
      balanced-match: 1.0.2
      concat-map: 0.0.1

  braces@3.0.3:
    dependencies:
      fill-range: 7.1.1

  buffer-from@1.1.2: {}

  chalk@3.0.0:
    dependencies:
      ansi-styles: 4.3.0
      supports-color: 7.2.0

  chalk@4.1.2:
    dependencies:
      ansi-styles: 4.3.0
      supports-color: 7.2.0

  charm@0.1.2: {}

  chokidar@3.6.0:
    dependencies:
      anymatch: 3.1.3
      braces: 3.0.3
      glob-parent: 5.1.2
      is-binary-path: 2.1.0
      is-glob: 4.0.3
      normalize-path: 3.0.0
      readdirp: 3.6.0
    optionalDependencies:
      fsevents: 2.3.3

  cli-tableau@2.0.1:
    dependencies:
      chalk: 3.0.0

  cliui@8.0.1:
    dependencies:
      string-width: 4.2.3
      strip-ansi: 6.0.1
      wrap-ansi: 7.0.0

  color-convert@2.0.1:
    dependencies:
      color-name: 1.1.4

  color-name@1.1.4: {}

  commander@2.15.1: {}

  concat-map@0.0.1: {}

  concurrently@9.1.0:
    dependencies:
      chalk: 4.1.2
      lodash: 4.17.21
      rxjs: 7.8.1
      shell-quote: 1.8.2
      supports-color: 8.1.1
      tree-kill: 1.2.2
      yargs: 17.7.2

  croner@4.1.97: {}

  culvert@0.1.2: {}

  data-uri-to-buffer@6.0.2: {}

  dayjs@1.11.13: {}

  dayjs@1.8.36: {}

  debug@3.2.7:
    dependencies:
      ms: 2.1.3

  debug@4.3.7:
    dependencies:
      ms: 2.1.3

  degenerator@5.0.1:
    dependencies:
      ast-types: 0.13.4
      escodegen: 2.1.0
      esprima: 4.0.1

  detect-node@2.1.0: {}

  emoji-regex@8.0.0: {}

  enquirer@2.3.6:
    dependencies:
      ansi-colors: 4.1.3

  es6-error@4.1.1: {}

  escalade@3.2.0: {}

  escape-string-regexp@4.0.0: {}

  escodegen@2.1.0:
    dependencies:
      esprima: 4.0.1
      estraverse: 5.3.0
      esutils: 2.0.3
    optionalDependencies:
      source-map: 0.6.1

  esprima@4.0.1: {}

  estraverse@5.3.0: {}

  esutils@2.0.3: {}

  eventemitter2@0.4.14: {}

  eventemitter2@5.0.1: {}

  eventemitter2@6.4.9: {}

  extrareqp2@1.0.0(debug@4.3.7):
    dependencies:
      follow-redirects: 1.15.9(debug@4.3.7)
    transitivePeerDependencies:
      - debug

  fast-json-patch@3.1.1: {}

  fclone@1.0.11: {}

  fill-range@7.1.1:
    dependencies:
      to-regex-range: 5.0.1

  follow-redirects@1.15.9(debug@4.3.7):
    optionalDependencies:
      debug: 4.3.7

  fs-extra@11.2.0:
    dependencies:
      graceful-fs: 4.2.11
      jsonfile: 6.1.0
      universalify: 2.0.1

  fs.realpath@1.0.0: {}

  fsevents@2.3.3:
    optional: true

  get-caller-file@2.0.5: {}

  get-uri@6.0.3:
    dependencies:
      basic-ftp: 5.0.5
      data-uri-to-buffer: 6.0.2
      debug: 4.3.7
      fs-extra: 11.2.0
    transitivePeerDependencies:
      - supports-color

  git-node-fs@1.0.0(js-git@0.7.8):
    optionalDependencies:
      js-git: 0.7.8

  git-sha1@0.1.2: {}

  glob-parent@5.1.2:
    dependencies:
      is-glob: 4.0.3

  glob@7.2.3:
    dependencies:
      fs.realpath: 1.0.0
      inflight: 1.0.6
      inherits: 2.0.4
      minimatch: 3.1.2
      once: 1.4.0
      path-is-absolute: 1.0.1

  global-agent@3.0.0:
    dependencies:
      boolean: 3.2.0
      es6-error: 4.1.1
      matcher: 3.0.0
      roarr: 2.15.4
      semver: 7.6.3
      serialize-error: 7.0.1

  graceful-fs@4.2.11: {}

  has-flag@4.0.0: {}

  http-proxy-agent@7.0.2:
    dependencies:
      agent-base: 7.1.1
      debug: 4.3.7
    transitivePeerDependencies:
      - supports-color

  https-proxy-agent@7.0.5:
    dependencies:
      agent-base: 7.1.1
      debug: 4.3.7
    transitivePeerDependencies:
      - supports-color

  iconv-lite@0.4.24:
    dependencies:
      safer-buffer: '@nolyfill/safer-buffer@1.0.41'

  immediate@3.0.6: {}

  inflight@1.0.6:
    dependencies:
      once: 1.4.0
      wrappy: 1.0.2

  inherits@2.0.4: {}

  ini@1.3.8: {}

  interpret@1.4.0: {}

  ip-address@9.0.5:
    dependencies:
      jsbn: 1.1.0
      sprintf-js: 1.1.3

  is-binary-path@2.1.0:
    dependencies:
      binary-extensions: 2.3.0

  is-extglob@2.1.1: {}

  is-fullwidth-code-point@3.0.0: {}

  is-glob@4.0.3:
    dependencies:
      is-extglob: 2.1.1

  is-number@7.0.0: {}

  js-git@0.7.8:
    dependencies:
      bodec: 0.1.0
      culvert: 0.1.2
      git-sha1: 0.1.2
      pako: 0.2.9

  js-yaml@4.1.0:
    dependencies:
      argparse: 2.0.1

  jsbn@1.1.0: {}

  json-stringify-safe@5.0.1: {}

  jsonfile@6.1.0:
    dependencies:
      universalify: 2.0.1
    optionalDependencies:
      graceful-fs: 4.2.11

  lazy@1.0.11: {}

  lie@3.1.1:
    dependencies:
      immediate: 3.0.6

  localforage@1.10.0:
    dependencies:
      lie: 3.1.1

  lodash@4.17.21: {}

  lru-cache@6.0.0:
    dependencies:
      yallist: 4.0.0

  lru-cache@7.18.3: {}

  matcher@3.0.0:
    dependencies:
      escape-string-regexp: 4.0.0

  minimatch@3.1.2:
    dependencies:
      brace-expansion: 1.1.11

  minimist@1.2.8: {}

  mkdirp@1.0.4: {}

  module-details-from-path@1.0.3: {}

  ms@2.1.3: {}

  mute-stream@0.0.8: {}

  needle@2.4.0:
    dependencies:
      debug: 3.2.7
      iconv-lite: 0.4.24
      sax: 1.4.1
    transitivePeerDependencies:
      - supports-color

  netmask@2.0.2: {}

  normalize-path@3.0.0: {}

  nssocket@0.6.0:
    dependencies:
      eventemitter2: 0.4.14
      lazy: 1.0.11

  once@1.4.0:
    dependencies:
      wrappy: 1.0.2

  pac-proxy-agent@7.0.2:
    dependencies:
      '@tootallnate/quickjs-emscripten': 0.23.0
      agent-base: 7.1.1
      debug: 4.3.7
      get-uri: 6.0.3
      http-proxy-agent: 7.0.2
      https-proxy-agent: 7.0.5
      pac-resolver: 7.0.1
      socks-proxy-agent: 8.0.4
    transitivePeerDependencies:
      - supports-color

  pac-resolver@7.0.1:
    dependencies:
      degenerator: 5.0.1
      netmask: 2.0.2

  pako@0.2.9: {}

  path-is-absolute@1.0.1: {}

  path-parse@1.0.7: {}

  picomatch@2.3.1: {}

  pidusage@2.0.21:
    dependencies:
      safe-buffer: '@nolyfill/safe-buffer@1.0.41'
    optional: true

  pidusage@3.0.2:
    dependencies:
      safe-buffer: '@nolyfill/safe-buffer@1.0.41'

  pm2-axon-rpc@0.7.1:
    dependencies:
      debug: 4.3.7
    transitivePeerDependencies:
      - supports-color

  pm2-axon@4.0.1:
    dependencies:
      amp: 0.3.1
      amp-message: 0.1.2
      debug: 4.3.7
      escape-string-regexp: 4.0.0
    transitivePeerDependencies:
      - supports-color

  pm2-deploy@1.0.2:
    dependencies:
      run-series: 1.1.9
      tv4: 1.3.0

  pm2-multimeter@0.1.2:
    dependencies:
      charm: 0.1.2

  pm2-sysmonit@1.2.8:
    dependencies:
      async: 3.2.6
      debug: 4.3.7
      pidusage: 2.0.21
      systeminformation: 5.23.5
      tx2: 1.0.5
    transitivePeerDependencies:
      - supports-color
    optional: true

  pm2@5.4.3:
    dependencies:
      '@pm2/agent': 2.0.4
      '@pm2/io': 6.0.1
      '@pm2/js-api': 0.8.0
      '@pm2/pm2-version-check': 1.0.4
      async: 3.2.6
      blessed: 0.1.81
      chalk: 3.0.0
      chokidar: 3.6.0
      cli-tableau: 2.0.1
      commander: 2.15.1
      croner: 4.1.97
      dayjs: 1.11.13
      debug: 4.3.7
      enquirer: 2.3.6
      eventemitter2: 5.0.1
      fclone: 1.0.11
      js-yaml: 4.1.0
      mkdirp: 1.0.4
      needle: 2.4.0
      pidusage: 3.0.2
      pm2-axon: 4.0.1
      pm2-axon-rpc: 0.7.1
      pm2-deploy: 1.0.2
      pm2-multimeter: 0.1.2
      promptly: 2.2.0
      semver: 7.6.3
      source-map-support: 0.5.21
      sprintf-js: 1.1.2
      vizion: 2.2.1
    optionalDependencies:
      pm2-sysmonit: 1.2.8
    transitivePeerDependencies:
      - bufferutil
      - supports-color
      - utf-8-validate

  promptly@2.2.0:
    dependencies:
      read: 1.0.7

  proxy-agent@6.3.1:
    dependencies:
      agent-base: 7.1.1
      debug: 4.3.7
      http-proxy-agent: 7.0.2
      https-proxy-agent: 7.0.5
      lru-cache: 7.18.3
      pac-proxy-agent: 7.0.2
      proxy-from-env: 1.1.0
      socks-proxy-agent: 8.0.4
    transitivePeerDependencies:
      - supports-color

  proxy-from-env@1.1.0: {}

  read@1.0.7:
    dependencies:
      mute-stream: 0.0.8

  readdirp@3.6.0:
    dependencies:
      picomatch: 2.3.1

  rechoir@0.6.2:
    dependencies:
      resolve: 1.22.8

  require-directory@2.1.1: {}

  require-in-the-middle@5.2.0:
    dependencies:
      debug: 4.3.7
      module-details-from-path: 1.0.3
      resolve: 1.22.8
    transitivePeerDependencies:
      - supports-color

  resolve@1.22.8:
    dependencies:
      is-core-module: '@nolyfill/is-core-module@1.0.39'
      path-parse: 1.0.7
      supports-preserve-symlinks-flag: 1.0.0

  roarr@2.15.4:
    dependencies:
      boolean: 3.2.0
      detect-node: 2.1.0
      globalthis: '@nolyfill/globalthis@1.0.28'
      json-stringify-safe: 5.0.1
      semver-compare: 1.0.0
      sprintf-js: 1.1.3

  run-series@1.1.9: {}

  rxjs@7.8.1:
    dependencies:
      tslib: 2.8.1

  sax@1.4.1: {}

  semver-compare@1.0.0: {}

  semver@7.5.4:
    dependencies:
      lru-cache: 6.0.0

  semver@7.6.3: {}

  serialize-error@7.0.1:
    dependencies:
      type-fest: 0.13.1

  shell-quote@1.8.2: {}

  shelljs@0.8.5:
    dependencies:
      glob: 7.2.3
      interpret: 1.4.0
      rechoir: 0.6.2

  shimmer@1.2.1: {}

  shx@0.3.4:
    dependencies:
      minimist: 1.2.8
      shelljs: 0.8.5

  signal-exit@3.0.7: {}

  smart-buffer@4.2.0: {}

  snyk@1.1294.2:
    dependencies:
      '@sentry/node': 7.120.0
      global-agent: 3.0.0

  socks-proxy-agent@8.0.4:
    dependencies:
      agent-base: 7.1.1
      debug: 4.3.7
      socks: 2.8.3
    transitivePeerDependencies:
      - supports-color

  socks@2.8.3:
    dependencies:
      ip-address: 9.0.5
      smart-buffer: 4.2.0

  source-map-support@0.5.21:
    dependencies:
      buffer-from: 1.1.2
      source-map: 0.6.1

  source-map@0.6.1: {}

  sprintf-js@1.1.2: {}

  sprintf-js@1.1.3: {}

  string-width@4.2.3:
    dependencies:
      emoji-regex: 8.0.0
      is-fullwidth-code-point: 3.0.0
      strip-ansi: 6.0.1

  strip-ansi@6.0.1:
    dependencies:
      ansi-regex: 5.0.1

  supports-color@7.2.0:
    dependencies:
      has-flag: 4.0.0

  supports-color@8.1.1:
    dependencies:
      has-flag: 4.0.0

  supports-preserve-symlinks-flag@1.0.0: {}

  systeminformation@5.23.5:
    optional: true

  to-regex-range@5.0.1:
    dependencies:
      is-number: 7.0.0

  tree-kill@1.2.2: {}

  tslib@1.9.3: {}

  tslib@2.8.1: {}

  tv4@1.3.0: {}

  tx2@1.0.5:
    dependencies:
      json-stringify-safe: 5.0.1
    optional: true

  type-fest@0.13.1: {}

  universalify@2.0.1: {}

  vizion@2.2.1:
    dependencies:
      async: 2.6.4
      git-node-fs: 1.0.0(js-git@0.7.8)
      ini: 1.3.8
      js-git: 0.7.8

  wrap-ansi@7.0.0:
    dependencies:
      ansi-styles: 4.3.0
      string-width: 4.2.3
      strip-ansi: 6.0.1

  wrappy@1.0.2: {}

  ws@7.5.10: {}

  y18n@5.0.8: {}

  yallist@4.0.0: {}

  yargs-parser@21.1.1: {}

  yargs@17.7.2:
    dependencies:
      cliui: 8.0.1
      escalade: 3.2.0
      get-caller-file: 2.0.5
      require-directory: 2.1.1
      string-width: 4.2.3
      y18n: 5.0.8
      yargs-parser: 21.1.1
